// !$*UTF8*$!
{
	archiveVersion = 1;
	classes = {
	};
	objectVersion = 50;
	objects = {

/* Begin PBXBuildFile section */
		A3C8AD44225BB76C001717DC /* AppDelegate.swift in Sources */ = {isa = PBXBuildFile; fileRef = A3C8AD43225BB76C001717DC /* AppDelegate.swift */; };
		A3C8AD46225BB76C001717DC /* ViewController.swift in Sources */ = {isa = PBXBuildFile; fileRef = A3C8AD45225BB76C001717DC /* ViewController.swift */; };
		A3C8AD49225BB76C001717DC /* Main.storyboard in Resources */ = {isa = PBXBuildFile; fileRef = A3C8AD47225BB76C001717DC /* Main.storyboard */; };
		A3C8AD4B225BB76E001717DC /* Assets.xcassets in Resources */ = {isa = PBXBuildFile; fileRef = A3C8AD4A225BB76E001717DC /* Assets.xcassets */; };
		A3C8AD4E225BB76E001717DC /* LaunchScreen.storyboard in Resources */ = {isa = PBXBuildFile; fileRef = A3C8AD4C225BB76E001717DC /* LaunchScreen.storyboard */; };
		A3C8AD59225BB76E001717DC /* hackernews_storiesTests.swift in Sources */ = {isa = PBXBuildFile; fileRef = A3C8AD58225BB76E001717DC /* hackernews_storiesTests.swift */; };
		A3C8AD6D225BB9F3001717DC /* AppRouterProtocol.swift in Sources */ = {isa = PBXBuildFile; fileRef = A3C8AD6C225BB9F3001717DC /* AppRouterProtocol.swift */; };
		A3C8AD6F225BBA13001717DC /* AppRouter.swift in Sources */ = {isa = PBXBuildFile; fileRef = A3C8AD6E225BBA13001717DC /* AppRouter.swift */; };
		A3C8AD75225BBA55001717DC /* BaseRouter.swift in Sources */ = {isa = PBXBuildFile; fileRef = A3C8AD74225BBA55001717DC /* BaseRouter.swift */; };
		A3C8AD77225BBA71001717DC /* InitialMainRouter.swift in Sources */ = {isa = PBXBuildFile; fileRef = A3C8AD76225BBA71001717DC /* InitialMainRouter.swift */; };
		A3C8AD79225BBA8D001717DC /* MainRoutable.swift in Sources */ = {isa = PBXBuildFile; fileRef = A3C8AD78225BBA8D001717DC /* MainRoutable.swift */; };
		A3C8AD7C225BBC31001717DC /* MainRouter.swift in Sources */ = {isa = PBXBuildFile; fileRef = A3C8AD7B225BBC31001717DC /* MainRouter.swift */; };
		A3C8AD7E225BBC6D001717DC /* MainView.swift in Sources */ = {isa = PBXBuildFile; fileRef = A3C8AD7D225BBC6D001717DC /* MainView.swift */; };
		A3C8AD80225BBC92001717DC /* BaseView.swift in Sources */ = {isa = PBXBuildFile; fileRef = A3C8AD7F225BBC92001717DC /* BaseView.swift */; };
		A3C8AD82225BBCA4001717DC /* BaseViewModel.swift in Sources */ = {isa = PBXBuildFile; fileRef = A3C8AD81225BBCA4001717DC /* BaseViewModel.swift */; };
		A3C8AD84225BBCDD001717DC /* MainViewModel.swift in Sources */ = {isa = PBXBuildFile; fileRef = A3C8AD83225BBCDD001717DC /* MainViewModel.swift */; };
		A3C8AD8A225BBD97001717DC /* MainViewModelType.swift in Sources */ = {isa = PBXBuildFile; fileRef = A3C8AD89225BBD97001717DC /* MainViewModelType.swift */; };
		A3C8AD8C225BBDAF001717DC /* MainViewModelInputsType.swift in Sources */ = {isa = PBXBuildFile; fileRef = A3C8AD8B225BBDAF001717DC /* MainViewModelInputsType.swift */; };
		A3C8AD8E225BBDBF001717DC /* MainViewModelOutputsType.swift in Sources */ = {isa = PBXBuildFile; fileRef = A3C8AD8D225BBDBF001717DC /* MainViewModelOutputsType.swift */; };
		A3C8AD92225BBE5D001717DC /* UINavigationItem.swift in Sources */ = {isa = PBXBuildFile; fileRef = A3C8AD91225BBE5D001717DC /* UINavigationItem.swift */; };
		A3C8AD95225BC2A7001717DC /* Colors.xcassets in Resources */ = {isa = PBXBuildFile; fileRef = A3C8AD94225BC2A7001717DC /* Colors.xcassets */; };
		A3C8AD99225BC5DA001717DC /* Story.swift in Sources */ = {isa = PBXBuildFile; fileRef = A3C8AD98225BC5DA001717DC /* Story.swift */; };
		A3C8AD9C225BCB4C001717DC /* ResponseDataType.swift in Sources */ = {isa = PBXBuildFile; fileRef = A3C8AD9B225BCB4C001717DC /* ResponseDataType.swift */; };
		A3C8AD9E225BCB6C001717DC /* RequestHTTPMethod.swift in Sources */ = {isa = PBXBuildFile; fileRef = A3C8AD9D225BCB6C001717DC /* RequestHTTPMethod.swift */; };
		A3C8ADA0225BCB8D001717DC /* RequestParameters.swift in Sources */ = {isa = PBXBuildFile; fileRef = A3C8AD9F225BCB8D001717DC /* RequestParameters.swift */; };
		A3C8ADA2225BCBAB001717DC /* RequestData.swift in Sources */ = {isa = PBXBuildFile; fileRef = A3C8ADA1225BCBAB001717DC /* RequestData.swift */; };
		A3C8ADA5225BD13C001717DC /* StoryRequest.swift in Sources */ = {isa = PBXBuildFile; fileRef = A3C8ADA4225BD13C001717DC /* StoryRequest.swift */; };
		A3C8ADA7225BD44F001717DC /* APIConfiguration.swift in Sources */ = {isa = PBXBuildFile; fileRef = A3C8ADA6225BD44F001717DC /* APIConfiguration.swift */; };
		A3C8ADA9225BD580001717DC /* RequestExecutor.swift in Sources */ = {isa = PBXBuildFile; fileRef = A3C8ADA8225BD580001717DC /* RequestExecutor.swift */; };
		A3C8ADAB225BD627001717DC /* RequestExecutorFactory.swift in Sources */ = {isa = PBXBuildFile; fileRef = A3C8ADAA225BD627001717DC /* RequestExecutorFactory.swift */; };
		A3C8ADAD225BD66D001717DC /* NetworkRequestExecutor.swift in Sources */ = {isa = PBXBuildFile; fileRef = A3C8ADAC225BD66D001717DC /* NetworkRequestExecutor.swift */; };
		A3C8ADAF225BD7E4001717DC /* NetworkError.swift in Sources */ = {isa = PBXBuildFile; fileRef = A3C8ADAE225BD7E4001717DC /* NetworkError.swift */; };
		A3C8ADB1225BD803001717DC /* RequestResponse.swift in Sources */ = {isa = PBXBuildFile; fileRef = A3C8ADB0225BD803001717DC /* RequestResponse.swift */; };
		A3C8ADB5225BDA1A001717DC /* StoryService.swift in Sources */ = {isa = PBXBuildFile; fileRef = A3C8ADB4225BDA1A001717DC /* StoryService.swift */; };
		A3C8ADB7225BE549001717DC /* Session.swift in Sources */ = {isa = PBXBuildFile; fileRef = A3C8ADB6225BE549001717DC /* Session.swift */; };
		A3C8ADBE225BE616001717DC /* Container.swift in Sources */ = {isa = PBXBuildFile; fileRef = A3C8ADBD225BE616001717DC /* Container.swift */; };
		A3C8ADC4225BF5DE001717DC /* ContainerRecord.swift in Sources */ = {isa = PBXBuildFile; fileRef = A3C8ADC3225BF5DE001717DC /* ContainerRecord.swift */; };
		A3C8ADC6225BF613001717DC /* SessionType.swift in Sources */ = {isa = PBXBuildFile; fileRef = A3C8ADC5225BF613001717DC /* SessionType.swift */; };
		A3EE71B7225D1BF300F5A12B /* MainCellView.swift in Sources */ = {isa = PBXBuildFile; fileRef = A3EE71B6225D1BF300F5A12B /* MainCellView.swift */; };
		A3EE71BA225D1D3A00F5A12B /* JSONDecoderService.swift in Sources */ = {isa = PBXBuildFile; fileRef = A3EE71B9225D1D3A00F5A12B /* JSONDecoderService.swift */; };
		A3EE71BC225D1DD700F5A12B /* JSONDecoderProtocol.swift in Sources */ = {isa = PBXBuildFile; fileRef = A3EE71BB225D1DD700F5A12B /* JSONDecoderProtocol.swift */; };
		A3EE71BE225D1FF500F5A12B /* MainCellView.xib in Resources */ = {isa = PBXBuildFile; fileRef = A3EE71BD225D1FF500F5A12B /* MainCellView.xib */; };
		A3EE71C0225D207300F5A12B /* UITableView+Cell.swift in Sources */ = {isa = PBXBuildFile; fileRef = A3EE71BF225D207300F5A12B /* UITableView+Cell.swift */; };
		A3EE71C2225D20D900F5A12B /* UITableViewCell+Identifier.swift in Sources */ = {isa = PBXBuildFile; fileRef = A3EE71C1225D20D900F5A12B /* UITableViewCell+Identifier.swift */; };
/* End PBXBuildFile section */

/* Begin PBXContainerItemProxy section */
		A3C8AD55225BB76E001717DC /* PBXContainerItemProxy */ = {
			isa = PBXContainerItemProxy;
			containerPortal = A3C8AD38225BB76C001717DC /* Project object */;
			proxyType = 1;
			remoteGlobalIDString = A3C8AD3F225BB76C001717DC;
			remoteInfo = "hackernews-stories";
		};
/* End PBXContainerItemProxy section */

/* Begin PBXFileReference section */
		A3C8AD40225BB76C001717DC /* hackernews-stories.app */ = {isa = PBXFileReference; explicitFileType = wrapper.application; includeInIndex = 0; path = "hackernews-stories.app"; sourceTree = BUILT_PRODUCTS_DIR; };
		A3C8AD43225BB76C001717DC /* AppDelegate.swift */ = {isa = PBXFileReference; lastKnownFileType = sourcecode.swift; path = AppDelegate.swift; sourceTree = "<group>"; };
		A3C8AD45225BB76C001717DC /* ViewController.swift */ = {isa = PBXFileReference; lastKnownFileType = sourcecode.swift; path = ViewController.swift; sourceTree = "<group>"; };
		A3C8AD48225BB76C001717DC /* Base */ = {isa = PBXFileReference; lastKnownFileType = file.storyboard; name = Base; path = Base.lproj/Main.storyboard; sourceTree = "<group>"; };
		A3C8AD4A225BB76E001717DC /* Assets.xcassets */ = {isa = PBXFileReference; lastKnownFileType = folder.assetcatalog; path = Assets.xcassets; sourceTree = "<group>"; };
		A3C8AD4D225BB76E001717DC /* Base */ = {isa = PBXFileReference; lastKnownFileType = file.storyboard; name = Base; path = Base.lproj/LaunchScreen.storyboard; sourceTree = "<group>"; };
		A3C8AD4F225BB76E001717DC /* Info.plist */ = {isa = PBXFileReference; lastKnownFileType = text.plist.xml; path = Info.plist; sourceTree = "<group>"; };
		A3C8AD54225BB76E001717DC /* hackernews-storiesTests.xctest */ = {isa = PBXFileReference; explicitFileType = wrapper.cfbundle; includeInIndex = 0; path = "hackernews-storiesTests.xctest"; sourceTree = BUILT_PRODUCTS_DIR; };
		A3C8AD58225BB76E001717DC /* hackernews_storiesTests.swift */ = {isa = PBXFileReference; lastKnownFileType = sourcecode.swift; path = hackernews_storiesTests.swift; sourceTree = "<group>"; };
		A3C8AD5A225BB76E001717DC /* Info.plist */ = {isa = PBXFileReference; lastKnownFileType = text.plist.xml; path = Info.plist; sourceTree = "<group>"; };
		A3C8AD6C225BB9F3001717DC /* AppRouterProtocol.swift */ = {isa = PBXFileReference; lastKnownFileType = sourcecode.swift; path = AppRouterProtocol.swift; sourceTree = "<group>"; };
		A3C8AD6E225BBA13001717DC /* AppRouter.swift */ = {isa = PBXFileReference; lastKnownFileType = sourcecode.swift; path = AppRouter.swift; sourceTree = "<group>"; };
		A3C8AD74225BBA55001717DC /* BaseRouter.swift */ = {isa = PBXFileReference; lastKnownFileType = sourcecode.swift; path = BaseRouter.swift; sourceTree = "<group>"; };
		A3C8AD76225BBA71001717DC /* InitialMainRouter.swift */ = {isa = PBXFileReference; lastKnownFileType = sourcecode.swift; path = InitialMainRouter.swift; sourceTree = "<group>"; };
		A3C8AD78225BBA8D001717DC /* MainRoutable.swift */ = {isa = PBXFileReference; lastKnownFileType = sourcecode.swift; path = MainRoutable.swift; sourceTree = "<group>"; };
		A3C8AD7B225BBC31001717DC /* MainRouter.swift */ = {isa = PBXFileReference; lastKnownFileType = sourcecode.swift; path = MainRouter.swift; sourceTree = "<group>"; };
		A3C8AD7D225BBC6D001717DC /* MainView.swift */ = {isa = PBXFileReference; lastKnownFileType = sourcecode.swift; path = MainView.swift; sourceTree = "<group>"; };
		A3C8AD7F225BBC92001717DC /* BaseView.swift */ = {isa = PBXFileReference; lastKnownFileType = sourcecode.swift; path = BaseView.swift; sourceTree = "<group>"; };
		A3C8AD81225BBCA4001717DC /* BaseViewModel.swift */ = {isa = PBXFileReference; lastKnownFileType = sourcecode.swift; path = BaseViewModel.swift; sourceTree = "<group>"; };
		A3C8AD83225BBCDD001717DC /* MainViewModel.swift */ = {isa = PBXFileReference; lastKnownFileType = sourcecode.swift; path = MainViewModel.swift; sourceTree = "<group>"; };
		A3C8AD89225BBD97001717DC /* MainViewModelType.swift */ = {isa = PBXFileReference; lastKnownFileType = sourcecode.swift; path = MainViewModelType.swift; sourceTree = "<group>"; };
		A3C8AD8B225BBDAF001717DC /* MainViewModelInputsType.swift */ = {isa = PBXFileReference; lastKnownFileType = sourcecode.swift; path = MainViewModelInputsType.swift; sourceTree = "<group>"; };
		A3C8AD8D225BBDBF001717DC /* MainViewModelOutputsType.swift */ = {isa = PBXFileReference; lastKnownFileType = sourcecode.swift; path = MainViewModelOutputsType.swift; sourceTree = "<group>"; };
		A3C8AD91225BBE5D001717DC /* UINavigationItem.swift */ = {isa = PBXFileReference; lastKnownFileType = sourcecode.swift; path = UINavigationItem.swift; sourceTree = "<group>"; };
		A3C8AD94225BC2A7001717DC /* Colors.xcassets */ = {isa = PBXFileReference; lastKnownFileType = folder.assetcatalog; path = Colors.xcassets; sourceTree = "<group>"; };
		A3C8AD98225BC5DA001717DC /* Story.swift */ = {isa = PBXFileReference; lastKnownFileType = sourcecode.swift; path = Story.swift; sourceTree = "<group>"; };
		A3C8AD9B225BCB4C001717DC /* ResponseDataType.swift */ = {isa = PBXFileReference; lastKnownFileType = sourcecode.swift; path = ResponseDataType.swift; sourceTree = "<group>"; };
		A3C8AD9D225BCB6C001717DC /* RequestHTTPMethod.swift */ = {isa = PBXFileReference; lastKnownFileType = sourcecode.swift; path = RequestHTTPMethod.swift; sourceTree = "<group>"; };
		A3C8AD9F225BCB8D001717DC /* RequestParameters.swift */ = {isa = PBXFileReference; lastKnownFileType = sourcecode.swift; path = RequestParameters.swift; sourceTree = "<group>"; };
		A3C8ADA1225BCBAB001717DC /* RequestData.swift */ = {isa = PBXFileReference; lastKnownFileType = sourcecode.swift; path = RequestData.swift; sourceTree = "<group>"; };
		A3C8ADA4225BD13C001717DC /* StoryRequest.swift */ = {isa = PBXFileReference; lastKnownFileType = sourcecode.swift; path = StoryRequest.swift; sourceTree = "<group>"; };
		A3C8ADA6225BD44F001717DC /* APIConfiguration.swift */ = {isa = PBXFileReference; lastKnownFileType = sourcecode.swift; path = APIConfiguration.swift; sourceTree = "<group>"; };
		A3C8ADA8225BD580001717DC /* RequestExecutor.swift */ = {isa = PBXFileReference; lastKnownFileType = sourcecode.swift; path = RequestExecutor.swift; sourceTree = "<group>"; };
		A3C8ADAA225BD627001717DC /* RequestExecutorFactory.swift */ = {isa = PBXFileReference; lastKnownFileType = sourcecode.swift; path = RequestExecutorFactory.swift; sourceTree = "<group>"; };
		A3C8ADAC225BD66D001717DC /* NetworkRequestExecutor.swift */ = {isa = PBXFileReference; lastKnownFileType = sourcecode.swift; path = NetworkRequestExecutor.swift; sourceTree = "<group>"; };
		A3C8ADAE225BD7E4001717DC /* NetworkError.swift */ = {isa = PBXFileReference; lastKnownFileType = sourcecode.swift; path = NetworkError.swift; sourceTree = "<group>"; };
		A3C8ADB0225BD803001717DC /* RequestResponse.swift */ = {isa = PBXFileReference; lastKnownFileType = sourcecode.swift; path = RequestResponse.swift; sourceTree = "<group>"; };
		A3C8ADB4225BDA1A001717DC /* StoryService.swift */ = {isa = PBXFileReference; lastKnownFileType = sourcecode.swift; path = StoryService.swift; sourceTree = "<group>"; };
		A3C8ADB6225BE549001717DC /* Session.swift */ = {isa = PBXFileReference; lastKnownFileType = sourcecode.swift; path = Session.swift; sourceTree = "<group>"; };
		A3C8ADBD225BE616001717DC /* Container.swift */ = {isa = PBXFileReference; lastKnownFileType = sourcecode.swift; path = Container.swift; sourceTree = "<group>"; };
		A3C8ADC3225BF5DE001717DC /* ContainerRecord.swift */ = {isa = PBXFileReference; lastKnownFileType = sourcecode.swift; path = ContainerRecord.swift; sourceTree = "<group>"; };
		A3C8ADC5225BF613001717DC /* SessionType.swift */ = {isa = PBXFileReference; lastKnownFileType = sourcecode.swift; path = SessionType.swift; sourceTree = "<group>"; };
		A3EE71B6225D1BF300F5A12B /* MainCellView.swift */ = {isa = PBXFileReference; lastKnownFileType = sourcecode.swift; path = MainCellView.swift; sourceTree = "<group>"; };
		A3EE71B9225D1D3A00F5A12B /* JSONDecoderService.swift */ = {isa = PBXFileReference; lastKnownFileType = sourcecode.swift; path = JSONDecoderService.swift; sourceTree = "<group>"; };
		A3EE71BB225D1DD700F5A12B /* JSONDecoderProtocol.swift */ = {isa = PBXFileReference; lastKnownFileType = sourcecode.swift; path = JSONDecoderProtocol.swift; sourceTree = "<group>"; };
		A3EE71BD225D1FF500F5A12B /* MainCellView.xib */ = {isa = PBXFileReference; lastKnownFileType = file.xib; path = MainCellView.xib; sourceTree = "<group>"; };
		A3EE71BF225D207300F5A12B /* UITableView+Cell.swift */ = {isa = PBXFileReference; lastKnownFileType = sourcecode.swift; path = "UITableView+Cell.swift"; sourceTree = "<group>"; };
		A3EE71C1225D20D900F5A12B /* UITableViewCell+Identifier.swift */ = {isa = PBXFileReference; lastKnownFileType = sourcecode.swift; path = "UITableViewCell+Identifier.swift"; sourceTree = "<group>"; };
/* End PBXFileReference section */

/* Begin PBXFrameworksBuildPhase section */
		A3C8AD3D225BB76C001717DC /* Frameworks */ = {
			isa = PBXFrameworksBuildPhase;
			buildActionMask = 2147483647;
			files = (
			);
			runOnlyForDeploymentPostprocessing = 0;
		};
		A3C8AD51225BB76E001717DC /* Frameworks */ = {
			isa = PBXFrameworksBuildPhase;
			buildActionMask = 2147483647;
			files = (
			);
			runOnlyForDeploymentPostprocessing = 0;
		};
/* End PBXFrameworksBuildPhase section */

/* Begin PBXGroup section */
		A3C8AD37225BB76C001717DC = {
			isa = PBXGroup;
			children = (
				A3C8AD42225BB76C001717DC /* hackernews-stories */,
				A3C8AD57225BB76E001717DC /* hackernews-storiesTests */,
				A3C8AD41225BB76C001717DC /* Products */,
			);
			sourceTree = "<group>";
		};
		A3C8AD41225BB76C001717DC /* Products */ = {
			isa = PBXGroup;
			children = (
				A3C8AD40225BB76C001717DC /* hackernews-stories.app */,
				A3C8AD54225BB76E001717DC /* hackernews-storiesTests.xctest */,
			);
			name = Products;
			sourceTree = "<group>";
		};
		A3C8AD42225BB76C001717DC /* hackernews-stories */ = {
			isa = PBXGroup;
			children = (
				A3C8AD63225BB8E9001717DC /* classes */,
				A3C8AD90225BBE38001717DC /* extensions */,
				A3C8AD64225BB8EF001717DC /* resources */,
				A3C8AD45225BB76C001717DC /* ViewController.swift */,
				A3C8AD4F225BB76E001717DC /* Info.plist */,
			);
			path = "hackernews-stories";
			sourceTree = "<group>";
		};
		A3C8AD57225BB76E001717DC /* hackernews-storiesTests */ = {
			isa = PBXGroup;
			children = (
				A3C8AD58225BB76E001717DC /* hackernews_storiesTests.swift */,
				A3C8AD5A225BB76E001717DC /* Info.plist */,
			);
			path = "hackernews-storiesTests";
			sourceTree = "<group>";
		};
		A3C8AD63225BB8E9001717DC /* classes */ = {
			isa = PBXGroup;
			children = (
				A3C8AD6A225BB9D5001717DC /* app */,
				A3C8AD9A225BCAE7001717DC /* network */,
				A3C8ADB3225BDA06001717DC /* services */,
				A3C8AD96225BC598001717DC /* models */,
				A3C8AD67225BB90C001717DC /* modules */,
			);
			path = classes;
			sourceTree = "<group>";
		};
		A3C8AD64225BB8EF001717DC /* resources */ = {
			isa = PBXGroup;
			children = (
				A3C8AD66225BB902001717DC /* images */,
				A3C8AD93225BC298001717DC /* colors */,
			);
			path = resources;
			sourceTree = "<group>";
		};
		A3C8AD65225BB8F8001717DC /* core */ = {
			isa = PBXGroup;
			children = (
				A3C8ADB8225BE598001717DC /* di */,
				A3C8AD43225BB76C001717DC /* AppDelegate.swift */,
			);
			path = core;
			sourceTree = "<group>";
		};
		A3C8AD66225BB902001717DC /* images */ = {
			isa = PBXGroup;
			children = (
				A3C8AD4A225BB76E001717DC /* Assets.xcassets */,
			);
			path = images;
			sourceTree = "<group>";
		};
		A3C8AD67225BB90C001717DC /* modules */ = {
			isa = PBXGroup;
			children = (
				A3C8AD69225BB91D001717DC /* launchscreen */,
				A3C8AD68225BB918001717DC /* main */,
			);
			path = modules;
			sourceTree = "<group>";
		};
		A3C8AD68225BB918001717DC /* main */ = {
			isa = PBXGroup;
			children = (
				A3C8AD71225BBA2E001717DC /* router */,
				A3C8AD72225BBA36001717DC /* view */,
				A3C8AD7A225BBB22001717DC /* viewModel */,
			);
			path = main;
			sourceTree = "<group>";
		};
		A3C8AD69225BB91D001717DC /* launchscreen */ = {
			isa = PBXGroup;
			children = (
				A3C8AD4C225BB76E001717DC /* LaunchScreen.storyboard */,
			);
			path = launchscreen;
			sourceTree = "<group>";
		};
		A3C8AD6A225BB9D5001717DC /* app */ = {
			isa = PBXGroup;
			children = (
				A3C8AD73225BBA4D001717DC /* base */,
				A3C8AD6B225BB9E2001717DC /* router */,
				A3C8AD65225BB8F8001717DC /* core */,
			);
			path = app;
			sourceTree = "<group>";
		};
		A3C8AD6B225BB9E2001717DC /* router */ = {
			isa = PBXGroup;
			children = (
				A3C8AD6C225BB9F3001717DC /* AppRouterProtocol.swift */,
				A3C8AD6E225BBA13001717DC /* AppRouter.swift */,
			);
			path = router;
			sourceTree = "<group>";
		};
		A3C8AD71225BBA2E001717DC /* router */ = {
			isa = PBXGroup;
			children = (
				A3C8AD76225BBA71001717DC /* InitialMainRouter.swift */,
				A3C8AD78225BBA8D001717DC /* MainRoutable.swift */,
				A3C8AD7B225BBC31001717DC /* MainRouter.swift */,
			);
			path = router;
			sourceTree = "<group>";
		};
		A3C8AD72225BBA36001717DC /* view */ = {
			isa = PBXGroup;
			children = (
				A3EE71B5225D1BDF00F5A12B /* cell */,
				A3C8AD47225BB76C001717DC /* Main.storyboard */,
				A3C8AD7D225BBC6D001717DC /* MainView.swift */,
			);
			path = view;
			sourceTree = "<group>";
		};
		A3C8AD73225BBA4D001717DC /* base */ = {
			isa = PBXGroup;
			children = (
				A3C8AD74225BBA55001717DC /* BaseRouter.swift */,
				A3C8AD7F225BBC92001717DC /* BaseView.swift */,
				A3C8AD81225BBCA4001717DC /* BaseViewModel.swift */,
			);
			path = base;
			sourceTree = "<group>";
		};
		A3C8AD7A225BBB22001717DC /* viewModel */ = {
			isa = PBXGroup;
			children = (
				A3C8AD83225BBCDD001717DC /* MainViewModel.swift */,
				A3C8AD89225BBD97001717DC /* MainViewModelType.swift */,
				A3C8AD8B225BBDAF001717DC /* MainViewModelInputsType.swift */,
				A3C8AD8D225BBDBF001717DC /* MainViewModelOutputsType.swift */,
			);
			path = viewModel;
			sourceTree = "<group>";
		};
		A3C8AD90225BBE38001717DC /* extensions */ = {
			isa = PBXGroup;
			children = (
				A3C8AD91225BBE5D001717DC /* UINavigationItem.swift */,
				A3EE71BF225D207300F5A12B /* UITableView+Cell.swift */,
				A3EE71C1225D20D900F5A12B /* UITableViewCell+Identifier.swift */,
			);
			path = extensions;
			sourceTree = "<group>";
		};
		A3C8AD93225BC298001717DC /* colors */ = {
			isa = PBXGroup;
			children = (
				A3C8AD94225BC2A7001717DC /* Colors.xcassets */,
			);
			path = colors;
			sourceTree = "<group>";
		};
		A3C8AD96225BC598001717DC /* models */ = {
			isa = PBXGroup;
			children = (
				A3C8AD97225BC59F001717DC /* dto */,
			);
			path = models;
			sourceTree = "<group>";
		};
		A3C8AD97225BC59F001717DC /* dto */ = {
			isa = PBXGroup;
			children = (
				A3C8AD98225BC5DA001717DC /* Story.swift */,
			);
			path = dto;
			sourceTree = "<group>";
		};
		A3C8AD9A225BCAE7001717DC /* network */ = {
			isa = PBXGroup;
			children = (
				A3EE71B8225D1CCC00F5A12B /* decoder */,
				A3C8ADA3225BD11A001717DC /* endpoints */,
				A3C8AD9B225BCB4C001717DC /* ResponseDataType.swift */,
				A3C8AD9D225BCB6C001717DC /* RequestHTTPMethod.swift */,
				A3C8AD9F225BCB8D001717DC /* RequestParameters.swift */,
				A3C8ADA1225BCBAB001717DC /* RequestData.swift */,
				A3C8ADA6225BD44F001717DC /* APIConfiguration.swift */,
				A3C8ADA8225BD580001717DC /* RequestExecutor.swift */,
				A3C8ADAA225BD627001717DC /* RequestExecutorFactory.swift */,
				A3C8ADAC225BD66D001717DC /* NetworkRequestExecutor.swift */,
				A3C8ADAE225BD7E4001717DC /* NetworkError.swift */,
				A3C8ADB0225BD803001717DC /* RequestResponse.swift */,
			);
			path = network;
			sourceTree = "<group>";
		};
		A3C8ADA3225BD11A001717DC /* endpoints */ = {
			isa = PBXGroup;
			children = (
				A3C8ADA4225BD13C001717DC /* StoryRequest.swift */,
			);
			path = endpoints;
			sourceTree = "<group>";
		};
		A3C8ADB3225BDA06001717DC /* services */ = {
			isa = PBXGroup;
			children = (
				A3C8ADB4225BDA1A001717DC /* StoryService.swift */,
			);
			path = services;
			sourceTree = "<group>";
		};
		A3C8ADB8225BE598001717DC /* di */ = {
			isa = PBXGroup;
			children = (
				A3C8ADB6225BE549001717DC /* Session.swift */,
				A3C8ADC5225BF613001717DC /* SessionType.swift */,
				A3C8ADBD225BE616001717DC /* Container.swift */,
				A3C8ADC3225BF5DE001717DC /* ContainerRecord.swift */,
			);
			path = di;
			sourceTree = "<group>";
		};
		A3EE71B5225D1BDF00F5A12B /* cell */ = {
			isa = PBXGroup;
			children = (
				A3EE71B6225D1BF300F5A12B /* MainCellView.swift */,
				A3EE71BD225D1FF500F5A12B /* MainCellView.xib */,
			);
			path = cell;
			sourceTree = "<group>";
		};
		A3EE71B8225D1CCC00F5A12B /* decoder */ = {
			isa = PBXGroup;
			children = (
				A3EE71BB225D1DD700F5A12B /* JSONDecoderProtocol.swift */,
				A3EE71B9225D1D3A00F5A12B /* JSONDecoderService.swift */,
			);
			path = decoder;
			sourceTree = "<group>";
		};
/* End PBXGroup section */

/* Begin PBXNativeTarget section */
		A3C8AD3F225BB76C001717DC /* hackernews-stories */ = {
			isa = PBXNativeTarget;
			buildConfigurationList = A3C8AD5D225BB76E001717DC /* Build configuration list for PBXNativeTarget "hackernews-stories" */;
			buildPhases = (
				A3C8AD3C225BB76C001717DC /* Sources */,
				A3C8AD3D225BB76C001717DC /* Frameworks */,
				A3C8AD3E225BB76C001717DC /* Resources */,
			);
			buildRules = (
			);
			dependencies = (
			);
			name = "hackernews-stories";
			productName = "hackernews-stories";
			productReference = A3C8AD40225BB76C001717DC /* hackernews-stories.app */;
			productType = "com.apple.product-type.application";
		};
		A3C8AD53225BB76E001717DC /* hackernews-storiesTests */ = {
			isa = PBXNativeTarget;
			buildConfigurationList = A3C8AD60225BB76E001717DC /* Build configuration list for PBXNativeTarget "hackernews-storiesTests" */;
			buildPhases = (
				A3C8AD50225BB76E001717DC /* Sources */,
				A3C8AD51225BB76E001717DC /* Frameworks */,
				A3C8AD52225BB76E001717DC /* Resources */,
			);
			buildRules = (
			);
			dependencies = (
				A3C8AD56225BB76E001717DC /* PBXTargetDependency */,
			);
			name = "hackernews-storiesTests";
			productName = "hackernews-storiesTests";
			productReference = A3C8AD54225BB76E001717DC /* hackernews-storiesTests.xctest */;
			productType = "com.apple.product-type.bundle.unit-test";
		};
/* End PBXNativeTarget section */

/* Begin PBXProject section */
		A3C8AD38225BB76C001717DC /* Project object */ = {
			isa = PBXProject;
			attributes = {
				LastSwiftUpdateCheck = 1020;
				LastUpgradeCheck = 1020;
				ORGANIZATIONNAME = "Alexander Tereshkov";
				TargetAttributes = {
					A3C8AD3F225BB76C001717DC = {
						CreatedOnToolsVersion = 10.2;
					};
					A3C8AD53225BB76E001717DC = {
						CreatedOnToolsVersion = 10.2;
						TestTargetID = A3C8AD3F225BB76C001717DC;
					};
				};
			};
			buildConfigurationList = A3C8AD3B225BB76C001717DC /* Build configuration list for PBXProject "hackernews-stories" */;
			compatibilityVersion = "Xcode 9.3";
			developmentRegion = en;
			hasScannedForEncodings = 0;
			knownRegions = (
				en,
				Base,
			);
			mainGroup = A3C8AD37225BB76C001717DC;
			productRefGroup = A3C8AD41225BB76C001717DC /* Products */;
			projectDirPath = "";
			projectRoot = "";
			targets = (
				A3C8AD3F225BB76C001717DC /* hackernews-stories */,
				A3C8AD53225BB76E001717DC /* hackernews-storiesTests */,
			);
		};
/* End PBXProject section */

/* Begin PBXResourcesBuildPhase section */
		A3C8AD3E225BB76C001717DC /* Resources */ = {
			isa = PBXResourcesBuildPhase;
			buildActionMask = 2147483647;
			files = (
				A3C8AD4E225BB76E001717DC /* LaunchScreen.storyboard in Resources */,
				A3C8AD95225BC2A7001717DC /* Colors.xcassets in Resources */,
				A3C8AD4B225BB76E001717DC /* Assets.xcassets in Resources */,
				A3EE71BE225D1FF500F5A12B /* MainCellView.xib in Resources */,
				A3C8AD49225BB76C001717DC /* Main.storyboard in Resources */,
			);
			runOnlyForDeploymentPostprocessing = 0;
		};
		A3C8AD52225BB76E001717DC /* Resources */ = {
			isa = PBXResourcesBuildPhase;
			buildActionMask = 2147483647;
			files = (
			);
			runOnlyForDeploymentPostprocessing = 0;
		};
/* End PBXResourcesBuildPhase section */

/* Begin PBXSourcesBuildPhase section */
		A3C8AD3C225BB76C001717DC /* Sources */ = {
			isa = PBXSourcesBuildPhase;
			buildActionMask = 2147483647;
			files = (
				A3C8AD6F225BBA13001717DC /* AppRouter.swift in Sources */,
				A3C8ADC6225BF613001717DC /* SessionType.swift in Sources */,
				A3C8AD82225BBCA4001717DC /* BaseViewModel.swift in Sources */,
				A3C8ADB5225BDA1A001717DC /* StoryService.swift in Sources */,
				A3C8ADA7225BD44F001717DC /* APIConfiguration.swift in Sources */,
				A3C8AD9C225BCB4C001717DC /* ResponseDataType.swift in Sources */,
				A3C8ADAB225BD627001717DC /* RequestExecutorFactory.swift in Sources */,
				A3C8ADA0225BCB8D001717DC /* RequestParameters.swift in Sources */,
				A3C8ADAF225BD7E4001717DC /* NetworkError.swift in Sources */,
				A3C8ADA2225BCBAB001717DC /* RequestData.swift in Sources */,
				A3C8AD7E225BBC6D001717DC /* MainView.swift in Sources */,
				A3C8ADC4225BF5DE001717DC /* ContainerRecord.swift in Sources */,
				A3C8AD99225BC5DA001717DC /* Story.swift in Sources */,
				A3C8AD7C225BBC31001717DC /* MainRouter.swift in Sources */,
				A3C8AD46225BB76C001717DC /* ViewController.swift in Sources */,
				A3C8ADB1225BD803001717DC /* RequestResponse.swift in Sources */,
				A3C8AD75225BBA55001717DC /* BaseRouter.swift in Sources */,
				A3C8AD79225BBA8D001717DC /* MainRoutable.swift in Sources */,
				A3EE71BC225D1DD700F5A12B /* JSONDecoderProtocol.swift in Sources */,
				A3C8ADAD225BD66D001717DC /* NetworkRequestExecutor.swift in Sources */,
				A3C8AD9E225BCB6C001717DC /* RequestHTTPMethod.swift in Sources */,
				A3EE71C0225D207300F5A12B /* UITableView+Cell.swift in Sources */,
				A3C8AD6D225BB9F3001717DC /* AppRouterProtocol.swift in Sources */,
				A3C8AD8C225BBDAF001717DC /* MainViewModelInputsType.swift in Sources */,
				A3C8ADB7225BE549001717DC /* Session.swift in Sources */,
				A3C8AD80225BBC92001717DC /* BaseView.swift in Sources */,
				A3C8ADA9225BD580001717DC /* RequestExecutor.swift in Sources */,
				A3C8AD77225BBA71001717DC /* InitialMainRouter.swift in Sources */,
				A3C8AD44225BB76C001717DC /* AppDelegate.swift in Sources */,
				A3EE71BA225D1D3A00F5A12B /* JSONDecoderService.swift in Sources */,
				A3EE71C2225D20D900F5A12B /* UITableViewCell+Identifier.swift in Sources */,
				A3EE71B7225D1BF300F5A12B /* MainCellView.swift in Sources */,
				A3C8AD8A225BBD97001717DC /* MainViewModelType.swift in Sources */,
				A3C8AD84225BBCDD001717DC /* MainViewModel.swift in Sources */,
				A3C8ADA5225BD13C001717DC /* StoryRequest.swift in Sources */,
				A3C8AD92225BBE5D001717DC /* UINavigationItem.swift in Sources */,
				A3C8ADBE225BE616001717DC /* Container.swift in Sources */,
				A3C8AD8E225BBDBF001717DC /* MainViewModelOutputsType.swift in Sources */,
			);
			runOnlyForDeploymentPostprocessing = 0;
		};
		A3C8AD50225BB76E001717DC /* Sources */ = {
			isa = PBXSourcesBuildPhase;
			buildActionMask = 2147483647;
			files = (
				A3C8AD59225BB76E001717DC /* hackernews_storiesTests.swift in Sources */,
			);
			runOnlyForDeploymentPostprocessing = 0;
		};
/* End PBXSourcesBuildPhase section */

/* Begin PBXTargetDependency section */
		A3C8AD56225BB76E001717DC /* PBXTargetDependency */ = {
			isa = PBXTargetDependency;
			target = A3C8AD3F225BB76C001717DC /* hackernews-stories */;
			targetProxy = A3C8AD55225BB76E001717DC /* PBXContainerItemProxy */;
		};
/* End PBXTargetDependency section */

/* Begin PBXVariantGroup section */
		A3C8AD47225BB76C001717DC /* Main.storyboard */ = {
			isa = PBXVariantGroup;
			children = (
				A3C8AD48225BB76C001717DC /* Base */,
			);
			name = Main.storyboard;
			sourceTree = "<group>";
		};
		A3C8AD4C225BB76E001717DC /* LaunchScreen.storyboard */ = {
			isa = PBXVariantGroup;
			children = (
				A3C8AD4D225BB76E001717DC /* Base */,
			);
			name = LaunchScreen.storyboard;
			sourceTree = "<group>";
		};
/* End PBXVariantGroup section */

/* Begin XCBuildConfiguration section */
		A3C8AD5B225BB76E001717DC /* Debug */ = {
			isa = XCBuildConfiguration;
			buildSettings = {
				ALWAYS_SEARCH_USER_PATHS = NO;
				CLANG_ANALYZER_NONNULL = YES;
				CLANG_ANALYZER_NUMBER_OBJECT_CONVERSION = YES_AGGRESSIVE;
				CLANG_CXX_LANGUAGE_STANDARD = "gnu++14";
				CLANG_CXX_LIBRARY = "libc++";
				CLANG_ENABLE_MODULES = YES;
				CLANG_ENABLE_OBJC_ARC = YES;
				CLANG_ENABLE_OBJC_WEAK = YES;
				CLANG_WARN_BLOCK_CAPTURE_AUTORELEASING = YES;
				CLANG_WARN_BOOL_CONVERSION = YES;
				CLANG_WARN_COMMA = YES;
				CLANG_WARN_CONSTANT_CONVERSION = YES;
				CLANG_WARN_DEPRECATED_OBJC_IMPLEMENTATIONS = YES;
				CLANG_WARN_DIRECT_OBJC_ISA_USAGE = YES_ERROR;
				CLANG_WARN_DOCUMENTATION_COMMENTS = YES;
				CLANG_WARN_EMPTY_BODY = YES;
				CLANG_WARN_ENUM_CONVERSION = YES;
				CLANG_WARN_INFINITE_RECURSION = YES;
				CLANG_WARN_INT_CONVERSION = YES;
				CLANG_WARN_NON_LITERAL_NULL_CONVERSION = YES;
				CLANG_WARN_OBJC_IMPLICIT_RETAIN_SELF = YES;
				CLANG_WARN_OBJC_LITERAL_CONVERSION = YES;
				CLANG_WARN_OBJC_ROOT_CLASS = YES_ERROR;
				CLANG_WARN_RANGE_LOOP_ANALYSIS = YES;
				CLANG_WARN_STRICT_PROTOTYPES = YES;
				CLANG_WARN_SUSPICIOUS_MOVE = YES;
				CLANG_WARN_UNGUARDED_AVAILABILITY = YES_AGGRESSIVE;
				CLANG_WARN_UNREACHABLE_CODE = YES;
				CLANG_WARN__DUPLICATE_METHOD_MATCH = YES;
				CODE_SIGN_IDENTITY = "iPhone Developer";
				COPY_PHASE_STRIP = NO;
				DEBUG_INFORMATION_FORMAT = dwarf;
				ENABLE_STRICT_OBJC_MSGSEND = YES;
				ENABLE_TESTABILITY = YES;
				GCC_C_LANGUAGE_STANDARD = gnu11;
				GCC_DYNAMIC_NO_PIC = NO;
				GCC_NO_COMMON_BLOCKS = YES;
				GCC_OPTIMIZATION_LEVEL = 0;
				GCC_PREPROCESSOR_DEFINITIONS = (
					"DEBUG=1",
					"$(inherited)",
				);
				GCC_WARN_64_TO_32_BIT_CONVERSION = YES;
				GCC_WARN_ABOUT_RETURN_TYPE = YES_ERROR;
				GCC_WARN_UNDECLARED_SELECTOR = YES;
				GCC_WARN_UNINITIALIZED_AUTOS = YES_AGGRESSIVE;
				GCC_WARN_UNUSED_FUNCTION = YES;
				GCC_WARN_UNUSED_VARIABLE = YES;
				IPHONEOS_DEPLOYMENT_TARGET = 12.2;
				MTL_ENABLE_DEBUG_INFO = INCLUDE_SOURCE;
				MTL_FAST_MATH = YES;
				ONLY_ACTIVE_ARCH = YES;
				SDKROOT = iphoneos;
				SWIFT_ACTIVE_COMPILATION_CONDITIONS = DEBUG;
				SWIFT_OPTIMIZATION_LEVEL = "-Onone";
			};
			name = Debug;
		};
		A3C8AD5C225BB76E001717DC /* Release */ = {
			isa = XCBuildConfiguration;
			buildSettings = {
				ALWAYS_SEARCH_USER_PATHS = NO;
				CLANG_ANALYZER_NONNULL = YES;
				CLANG_ANALYZER_NUMBER_OBJECT_CONVERSION = YES_AGGRESSIVE;
				CLANG_CXX_LANGUAGE_STANDARD = "gnu++14";
				CLANG_CXX_LIBRARY = "libc++";
				CLANG_ENABLE_MODULES = YES;
				CLANG_ENABLE_OBJC_ARC = YES;
				CLANG_ENABLE_OBJC_WEAK = YES;
				CLANG_WARN_BLOCK_CAPTURE_AUTORELEASING = YES;
				CLANG_WARN_BOOL_CONVERSION = YES;
				CLANG_WARN_COMMA = YES;
				CLANG_WARN_CONSTANT_CONVERSION = YES;
				CLANG_WARN_DEPRECATED_OBJC_IMPLEMENTATIONS = YES;
				CLANG_WARN_DIRECT_OBJC_ISA_USAGE = YES_ERROR;
				CLANG_WARN_DOCUMENTATION_COMMENTS = YES;
				CLANG_WARN_EMPTY_BODY = YES;
				CLANG_WARN_ENUM_CONVERSION = YES;
				CLANG_WARN_INFINITE_RECURSION = YES;
				CLANG_WARN_INT_CONVERSION = YES;
				CLANG_WARN_NON_LITERAL_NULL_CONVERSION = YES;
				CLANG_WARN_OBJC_IMPLICIT_RETAIN_SELF = YES;
				CLANG_WARN_OBJC_LITERAL_CONVERSION = YES;
				CLANG_WARN_OBJC_ROOT_CLASS = YES_ERROR;
				CLANG_WARN_RANGE_LOOP_ANALYSIS = YES;
				CLANG_WARN_STRICT_PROTOTYPES = YES;
				CLANG_WARN_SUSPICIOUS_MOVE = YES;
				CLANG_WARN_UNGUARDED_AVAILABILITY = YES_AGGRESSIVE;
				CLANG_WARN_UNREACHABLE_CODE = YES;
				CLANG_WARN__DUPLICATE_METHOD_MATCH = YES;
				CODE_SIGN_IDENTITY = "iPhone Developer";
				COPY_PHASE_STRIP = NO;
				DEBUG_INFORMATION_FORMAT = "dwarf-with-dsym";
				ENABLE_NS_ASSERTIONS = NO;
				ENABLE_STRICT_OBJC_MSGSEND = YES;
				GCC_C_LANGUAGE_STANDARD = gnu11;
				GCC_NO_COMMON_BLOCKS = YES;
				GCC_WARN_64_TO_32_BIT_CONVERSION = YES;
				GCC_WARN_ABOUT_RETURN_TYPE = YES_ERROR;
				GCC_WARN_UNDECLARED_SELECTOR = YES;
				GCC_WARN_UNINITIALIZED_AUTOS = YES_AGGRESSIVE;
				GCC_WARN_UNUSED_FUNCTION = YES;
				GCC_WARN_UNUSED_VARIABLE = YES;
				IPHONEOS_DEPLOYMENT_TARGET = 12.2;
				MTL_ENABLE_DEBUG_INFO = NO;
				MTL_FAST_MATH = YES;
				SDKROOT = iphoneos;
				SWIFT_COMPILATION_MODE = wholemodule;
				SWIFT_OPTIMIZATION_LEVEL = "-O";
				VALIDATE_PRODUCT = YES;
			};
			name = Release;
		};
		A3C8AD5E225BB76E001717DC /* Debug */ = {
			isa = XCBuildConfiguration;
			buildSettings = {
				ASSETCATALOG_COMPILER_APPICON_NAME = AppIcon;
				CODE_SIGN_STYLE = Automatic;
				DEVELOPMENT_TEAM = 8EF4CLU9HX;
				INFOPLIST_FILE = "hackernews-stories/Info.plist";
				IPHONEOS_DEPLOYMENT_TARGET = 11.0;
				LD_RUNPATH_SEARCH_PATHS = (
					"$(inherited)",
					"@executable_path/Frameworks",
				);
				PRODUCT_BUNDLE_IDENTIFIER = "at.hackernews-stories";
				PRODUCT_NAME = "$(TARGET_NAME)";
				SWIFT_VERSION = 5.0;
				TARGETED_DEVICE_FAMILY = "1,2";
			};
			name = Debug;
		};
		A3C8AD5F225BB76E001717DC /* Release */ = {
			isa = XCBuildConfiguration;
			buildSettings = {
				ASSETCATALOG_COMPILER_APPICON_NAME = AppIcon;
				CODE_SIGN_STYLE = Automatic;
				DEVELOPMENT_TEAM = 8EF4CLU9HX;
				INFOPLIST_FILE = "hackernews-stories/Info.plist";
				IPHONEOS_DEPLOYMENT_TARGET = 11.0;
				LD_RUNPATH_SEARCH_PATHS = (
					"$(inherited)",
					"@executable_path/Frameworks",
				);
				PRODUCT_BUNDLE_IDENTIFIER = "at.hackernews-stories";
				PRODUCT_NAME = "$(TARGET_NAME)";
				SWIFT_VERSION = 5.0;
				TARGETED_DEVICE_FAMILY = "1,2";
			};
			name = Release;
		};
		A3C8AD61225BB76E001717DC /* Debug */ = {
			isa = XCBuildConfiguration;
			buildSettings = {
				ALWAYS_EMBED_SWIFT_STANDARD_LIBRARIES = YES;
				BUNDLE_LOADER = "$(TEST_HOST)";
				CODE_SIGN_STYLE = Automatic;
				DEVELOPMENT_TEAM = 8EF4CLU9HX;
				INFOPLIST_FILE = "hackernews-storiesTests/Info.plist";
				LD_RUNPATH_SEARCH_PATHS = (
					"$(inherited)",
					"@executable_path/Frameworks",
					"@loader_path/Frameworks",
				);
				PRODUCT_BUNDLE_IDENTIFIER = "at.hackernews-storiesTests";
				PRODUCT_NAME = "$(TARGET_NAME)";
				SWIFT_VERSION = 5.0;
				TARGETED_DEVICE_FAMILY = "1,2";
				TEST_HOST = "$(BUILT_PRODUCTS_DIR)/hackernews-stories.app/hackernews-stories";
			};
			name = Debug;
		};
		A3C8AD62225BB76E001717DC /* Release */ = {
			isa = XCBuildConfiguration;
			buildSettings = {
				ALWAYS_EMBED_SWIFT_STANDARD_LIBRARIES = YES;
				BUNDLE_LOADER = "$(TEST_HOST)";
				CODE_SIGN_STYLE = Automatic;
				DEVELOPMENT_TEAM = 8EF4CLU9HX;
				INFOPLIST_FILE = "hackernews-storiesTests/Info.plist";
				LD_RUNPATH_SEARCH_PATHS = (
					"$(inherited)",
					"@executable_path/Frameworks",
					"@loader_path/Frameworks",
				);
				PRODUCT_BUNDLE_IDENTIFIER = "at.hackernews-storiesTests";
				PRODUCT_NAME = "$(TARGET_NAME)";
				SWIFT_VERSION = 5.0;
				TARGETED_DEVICE_FAMILY = "1,2";
				TEST_HOST = "$(BUILT_PRODUCTS_DIR)/hackernews-stories.app/hackernews-stories";
			};
			name = Release;
		};
/* End XCBuildConfiguration section */

/* Begin XCConfigurationList section */
		A3C8AD3B225BB76C001717DC /* Build configuration list for PBXProject "hackernews-stories" */ = {
			isa = XCConfigurationList;
			buildConfigurations = (
				A3C8AD5B225BB76E001717DC /* Debug */,
				A3C8AD5C225BB76E001717DC /* Release */,
			);
			defaultConfigurationIsVisible = 0;
			defaultConfigurationName = Release;
		};
		A3C8AD5D225BB76E001717DC /* Build configuration list for PBXNativeTarget "hackernews-stories" */ = {
			isa = XCConfigurationList;
			buildConfigurations = (
				A3C8AD5E225BB76E001717DC /* Debug */,
				A3C8AD5F225BB76E001717DC /* Release */,
			);
			defaultConfigurationIsVisible = 0;
			defaultConfigurationName = Release;
		};
		A3C8AD60225BB76E001717DC /* Build configuration list for PBXNativeTarget "hackernews-storiesTests" */ = {
			isa = XCConfigurationList;
			buildConfigurations = (
				A3C8AD61225BB76E001717DC /* Debug */,
				A3C8AD62225BB76E001717DC /* Release */,
			);
			defaultConfigurationIsVisible = 0;
			defaultConfigurationName = Release;
		};
/* End XCConfigurationList section */
	};
	rootObject = A3C8AD38225BB76C001717DC /* Project object */;
}
